Microsoft Visual Studio Solution File, Format Version 12.00
# Visual Studio 15
VisualStudioVersion = 15.0.28307.572
MinimumVisualStudioVersion = 10.0.40219.1
Project("{FAE04EC0-301F-11D3-BF4B-00C04F79EFBC}") = "ContextMenuSample.Android", "ContextMenuSample.Android\ContextMenuSample.Android.csproj", "{29448ACB-FD46-4437-9F7F-D7BFCDCD89CA}"
EndProject
Project("{FAE04EC0-301F-11D3-BF4B-00C04F79EFBC}") = "ContextMenuSample.iOS", "ContextMenuSample.iOS\ContextMenuSample.iOS.csproj", "{36E6271D-1988-439C-8086-DA4DE6009BD2}"
EndProject
Project("{9A19103F-16F7-4668-BE54-9A1E7A4F7556}") = "ContextMenuSample", "ContextMenuSample\ContextMenuSample.csproj", "{9CB99F89-8DFD-4F60-9D81-D9A32D1B4A71}"
EndProject
Project("{9A19103F-16F7-4668-BE54-9A1E7A4F7556}") = "ContextMenu", "..\ContextMenu\ContextMenu.csproj", "{8C8CE8AA-01A7-4FC0-BEBC-7F59B2EE2FB4}"
EndProject
Project("{FAE04EC0-301F-11D3-BF4B-00C04F79EFBC}") = "ContextMenu.iOS", "..\ContextMenu.iOS\ContextMenu.iOS.csproj", "{650B0137-372B-4088-B33A-D8D0EE740919}"
EndProject
Project("{FAE04EC0-301F-11D3-BF4B-00C04F79EFBC}") = "ContextMenu.Droid", "..\ContextMenu.Droid\ContextMenu.Droid.csproj", "{7092A893-38EB-41F3-BD1B-DAD5CD154E8E}"
EndProject
Global
	GlobalSection(SolutionConfigurationPlatforms) = preSolution
		Ad-Hoc|Any CPU = Ad-Hoc|Any CPU
		Ad-Hoc|iPhone = Ad-Hoc|iPhone
		Ad-Hoc|iPhoneSimulator = Ad-Hoc|iPhoneSimulator
		AppStore|Any CPU = AppStore|Any CPU
		AppStore|iPhone = AppStore|iPhone
		AppStore|iPhoneSimulator = AppStore|iPhoneSimulator
		Debug|Any CPU = Debug|Any CPU
		Debug|iPhone = Debug|iPhone
		Debug|iPhoneSimulator = Debug|iPhoneSimulator
		Release|Any CPU = Release|Any CPU
		Release|iPhone = Release|iPhone
		Release|iPhoneSimulator = Release|iPhoneSimulator
	EndGlobalSection
	GlobalSection(ProjectConfigurationPlatforms) = postSolution
		{29448ACB-FD46-4437-9F7F-D7BFCDCD89CA}.Ad-Hoc|Any CPU.ActiveCfg = Release|Any CPU
		{29448ACB-FD46-4437-9F7F-D7BFCDCD89CA}.Ad-Hoc|Any CPU.Build.0 = Release|Any CPU
		{29448ACB-FD46-4437-9F7F-D7BFCDCD89CA}.Ad-Hoc|Any CPU.Deploy.0 = Release|Any CPU
		{29448ACB-FD46-4437-9F7F-D7BFCDCD89CA}.Ad-Hoc|iPhone.ActiveCfg = Debug|Any CPU
		{29448ACB-FD46-4437-9F7F-D7BFCDCD89CA}.Ad-Hoc|iPhone.Build.0 = Debug|Any CPU
		{29448ACB-FD46-4437-9F7F-D7BFCDCD89CA}.Ad-Hoc|iPhoneSimulator.ActiveCfg = Release|Any CPU
		{29448ACB-FD46-4437-9F7F-D7BFCDCD89CA}.Ad-Hoc|iPhoneSimulator.Build.0 = Release|Any CPU
		{29448ACB-FD46-4437-9F7F-D7BFCDCD89CA}.Ad-Hoc|iPhoneSimulator.Deploy.0 = Release|Any CPU
		{29448ACB-FD46-4437-9F7F-D7BFCDCD89CA}.AppStore|Any CPU.ActiveCfg = Release|Any CPU
		{29448ACB-FD46-4437-9F7F-D7BFCDCD89CA}.AppStore|Any CPU.Build.0 = Release|Any CPU
		{29448ACB-FD46-4437-9F7F-D7BFCDCD89CA}.AppStore|Any CPU.Deploy.0 = Release|Any CPU
		{29448ACB-FD46-4437-9F7F-D7BFCDCD89CA}.AppStore|iPhone.ActiveCfg = Debug|Any CPU
		{29448ACB-FD46-4437-9F7F-D7BFCDCD89CA}.AppStore|iPhone.Build.0 = Debug|Any CPU
		{29448ACB-FD46-4437-9F7F-D7BFCDCD89CA}.AppStore|iPhoneSimulator.ActiveCfg = Release|Any CPU
		{29448ACB-FD46-4437-9F7F-D7BFCDCD89CA}.AppStore|iPhoneSimulator.Build.0 = Release|Any CPU
		{29448ACB-FD46-4437-9F7F-D7BFCDCD89CA}.AppStore|iPhoneSimulator.Deploy.0 = Release|Any CPU
		{29448ACB-FD46-4437-9F7F-D7BFCDCD89CA}.Debug|Any CPU.ActiveCfg = Debug|Any CPU
		{29448ACB-FD46-4437-9F7F-D7BFCDCD89CA}.Debug|Any CPU.Build.0 = Debug|Any CPU
		{29448ACB-FD46-4437-9F7F-D7BFCDCD89CA}.Debug|Any CPU.Deploy.0 = Debug|Any CPU
		{29448ACB-FD46-4437-9F7F-D7BFCDCD89CA}.Debug|iPhone.ActiveCfg = Debug|Any CPU
		{29448ACB-FD46-4437-9F7F-D7BFCDCD89CA}.Debug|iPhone.Build.0 = Debug|Any CPU
		{29448ACB-FD46-4437-9F7F-D7BFCDCD89CA}.Debug|iPhoneSimulator.ActiveCfg = Debug|Any CPU
		{29448ACB-FD46-4437-9F7F-D7BFCDCD89CA}.Debug|iPhoneSimulator.Build.0 = Debug|Any CPU
		{29448ACB-FD46-4437-9F7F-D7BFCDCD89CA}.Release|Any CPU.ActiveCfg = Release|Any CPU
		{29448ACB-FD46-4437-9F7F-D7BFCDCD89CA}.Release|Any CPU.Build.0 = Release|Any CPU
		{29448ACB-FD46-4437-9F7F-D7BFCDCD89CA}.Release|iPhone.ActiveCfg = Release|Any CPU
		{29448ACB-FD46-4437-9F7F-D7BFCDCD89CA}.Release|iPhone.Build.0 = Release|Any CPU
		{29448ACB-FD46-4437-9F7F-D7BFCDCD89CA}.Release|iPhoneSimulator.ActiveCfg = Release|Any CPU
		{29448ACB-FD46-4437-9F7F-D7BFCDCD89CA}.Release|iPhoneSimulator.Build.0 = Release|Any CPU
		{36E6271D-1988-439C-8086-DA4DE6009BD2}.Ad-Hoc|Any CPU.ActiveCfg = Ad-Hoc|iPhoneSimulator
		{36E6271D-1988-439C-8086-DA4DE6009BD2}.Ad-Hoc|iPhone.ActiveCfg = Ad-Hoc|iPhone
		{36E6271D-1988-439C-8086-DA4DE6009BD2}.Ad-Hoc|iPhone.Build.0 = Ad-Hoc|iPhone
		{36E6271D-1988-439C-8086-DA4DE6009BD2}.Ad-Hoc|iPhoneSimulator.ActiveCfg = Ad-Hoc|iPhoneSimulator
		{36E6271D-1988-439C-8086-DA4DE6009BD2}.Ad-Hoc|iPhoneSimulator.Build.0 = Ad-Hoc|iPhoneSimulator
		{36E6271D-1988-439C-8086-DA4DE6009BD2}.AppStore|Any CPU.ActiveCfg = AppStore|iPhoneSimulator
		{36E6271D-1988-439C-8086-DA4DE6009BD2}.AppStore|iPhone.ActiveCfg = AppStore|iPhone
		{36E6271D-1988-439C-8086-DA4DE6009BD2}.AppStore|iPhone.Build.0 = AppStore|iPhone
		{36E6271D-1988-439C-8086-DA4DE6009BD2}.AppStore|iPhoneSimulator.ActiveCfg = AppStore|iPhoneSimulator
		{36E6271D-1988-439C-8086-DA4DE6009BD2}.AppStore|iPhoneSimulator.Build.0 = AppStore|iPhoneSimulator
		{36E6271D-1988-439C-8086-DA4DE6009BD2}.Debug|Any CPU.ActiveCfg = Debug|iPhoneSimulator
		{36E6271D-1988-439C-8086-DA4DE6009BD2}.Debug|Any CPU.Build.0 = Debug|iPhoneSimulator
		{36E6271D-1988-439C-8086-DA4DE6009BD2}.Debug|iPhone.ActiveCfg = Debug|iPhone
		{36E6271D-1988-439C-8086-DA4DE6009BD2}.Debug|iPhone.Build.0 = Debug|iPhone
		{36E6271D-1988-439C-8086-DA4DE6009BD2}.Debug|iPhoneSimulator.ActiveCfg = Debug|iPhoneSimulator
		{36E6271D-1988-439C-8086-DA4DE6009BD2}.Debug|iPhoneSimulator.Build.0 = Debug|iPhoneSimulator
		{36E6271D-1988-439C-8086-DA4DE6009BD2}.Release|Any CPU.ActiveCfg = Release|iPhoneSimulator
		{36E6271D-1988-439C-8086-DA4DE6009BD2}.Release|Any CPU.Build.0 = Release|iPhoneSimulator
		{36E6271D-1988-439C-8086-DA4DE6009BD2}.Release|iPhone.ActiveCfg = Release|iPhone
		{36E6271D-1988-439C-8086-DA4DE6009BD2}.Release|iPhone.Build.0 = Release|iPhone
		{36E6271D-1988-439C-8086-DA4DE6009BD2}.Release|iPhoneSimulator.ActiveCfg = Release|iPhoneSimulator
		{36E6271D-1988-439C-8086-DA4DE6009BD2}.Release|iPhoneSimulator.Build.0 = Release|iPhoneSimulator
		{9CB99F89-8DFD-4F60-9D81-D9A32D1B4A71}.Ad-Hoc|Any CPU.ActiveCfg = Release|Any CPU
		{9CB99F89-8DFD-4F60-9D81-D9A32D1B4A71}.Ad-Hoc|Any CPU.Build.0 = Release|Any CPU
		{9CB99F89-8DFD-4F60-9D81-D9A32D1B4A71}.Ad-Hoc|iPhone.ActiveCfg = Debug|Any CPU
		{9CB99F89-8DFD-4F60-9D81-D9A32D1B4A71}.Ad-Hoc|iPhone.Build.0 = Debug|Any CPU
		{9CB99F89-8DFD-4F60-9D81-D9A32D1B4A71}.Ad-Hoc|iPhoneSimulator.ActiveCfg = Release|Any CPU
		{9CB99F89-8DFD-4F60-9D81-D9A32D1B4A71}.Ad-Hoc|iPhoneSimulator.Build.0 = Release|Any CPU
		{9CB99F89-8DFD-4F60-9D81-D9A32D1B4A71}.AppStore|Any CPU.ActiveCfg = Release|Any CPU
		{9CB99F89-8DFD-4F60-9D81-D9A32D1B4A71}.AppStore|Any CPU.Build.0 = Release|Any CPU
		{9CB99F89-8DFD-4F60-9D81-D9A32D1B4A71}.AppStore|iPhone.ActiveCfg = Debug|Any CPU
		{9CB99F89-8DFD-4F60-9D81-D9A32D1B4A71}.AppStore|iPhone.Build.0 = Debug|Any CPU
		{9CB99F89-8DFD-4F60-9D81-D9A32D1B4A71}.AppStore|iPhoneSimulator.ActiveCfg = Release|Any CPU
		{9CB99F89-8DFD-4F60-9D81-D9A32D1B4A71}.AppStore|iPhoneSimulator.Build.0 = Release|Any CPU
		{9CB99F89-8DFD-4F60-9D81-D9A32D1B4A71}.Debug|Any CPU.ActiveCfg = Debug|Any CPU
		{9CB99F89-8DFD-4F60-9D81-D9A32D1B4A71}.Debug|Any CPU.Build.0 = Debug|Any CPU
		{9CB99F89-8DFD-4F60-9D81-D9A32D1B4A71}.Debug|iPhone.ActiveCfg = Debug|Any CPU
		{9CB99F89-8DFD-4F60-9D81-D9A32D1B4A71}.Debug|iPhone.Build.0 = Debug|Any CPU
		{9CB99F89-8DFD-4F60-9D81-D9A32D1B4A71}.Debug|iPhoneSimulator.ActiveCfg = Debug|Any CPU
		{9CB99F89-8DFD-4F60-9D81-D9A32D1B4A71}.Debug|iPhoneSimulator.Build.0 = Debug|Any CPU
		{9CB99F89-8DFD-4F60-9D81-D9A32D1B4A71}.Release|Any CPU.ActiveCfg = Release|Any CPU
		{9CB99F89-8DFD-4F60-9D81-D9A32D1B4A71}.Release|Any CPU.Build.0 = Release|Any CPU
		{9CB99F89-8DFD-4F60-9D81-D9A32D1B4A71}.Release|iPhone.ActiveCfg = Release|Any CPU
		{9CB99F89-8DFD-4F60-9D81-D9A32D1B4A71}.Release|iPhone.Build.0 = Release|Any CPU
		{9CB99F89-8DFD-4F60-9D81-D9A32D1B4A71}.Release|iPhoneSimulator.ActiveCfg = Release|Any CPU
		{9CB99F89-8DFD-4F60-9D81-D9A32D1B4A71}.Release|iPhoneSimulator.Build.0 = Release|Any CPU
		{8C8CE8AA-01A7-4FC0-BEBC-7F59B2EE2FB4}.Ad-Hoc|Any CPU.ActiveCfg = Release|Any CPU
		{8C8CE8AA-01A7-4FC0-BEBC-7F59B2EE2FB4}.Ad-Hoc|Any CPU.Build.0 = Release|Any CPU
		{8C8CE8AA-01A7-4FC0-BEBC-7F59B2EE2FB4}.Ad-Hoc|iPhone.ActiveCfg = Debug|Any CPU
		{8C8CE8AA-01A7-4FC0-BEBC-7F59B2EE2FB4}.Ad-Hoc|iPhone.Build.0 = Debug|Any CPU
		{8C8CE8AA-01A7-4FC0-BEBC-7F59B2EE2FB4}.Ad-Hoc|iPhoneSimulator.ActiveCfg = Release|Any CPU
		{8C8CE8AA-01A7-4FC0-BEBC-7F59B2EE2FB4}.Ad-Hoc|iPhoneSimulator.Build.0 = Release|Any CPU
		{8C8CE8AA-01A7-4FC0-BEBC-7F59B2EE2FB4}.AppStore|Any CPU.ActiveCfg = Release|Any CPU
		{8C8CE8AA-01A7-4FC0-BEBC-7F59B2EE2FB4}.AppStore|Any CPU.Build.0 = Release|Any CPU
		{8C8CE8AA-01A7-4FC0-BEBC-7F59B2EE2FB4}.AppStore|iPhone.ActiveCfg = Debug|Any CPU
		{8C8CE8AA-01A7-4FC0-BEBC-7F59B2EE2FB4}.AppStore|iPhone.Build.0 = Debug|Any CPU
		{8C8CE8AA-01A7-4FC0-BEBC-7F59B2EE2FB4}.AppStore|iPhoneSimulator.ActiveCfg = Release|Any CPU
		{8C8CE8AA-01A7-4FC0-BEBC-7F59B2EE2FB4}.AppStore|iPhoneSimulator.Build.0 = Release|Any CPU
		{8C8CE8AA-01A7-4FC0-BEBC-7F59B2EE2FB4}.Debug|Any CPU.ActiveCfg = Debug|Any CPU
		{8C8CE8AA-01A7-4FC0-BEBC-7F59B2EE2FB4}.Debug|Any CPU.Build.0 = Debug|Any CPU
		{8C8CE8AA-01A7-4FC0-BEBC-7F59B2EE2FB4}.Debug|iPhone.ActiveCfg = Debug|Any CPU
		{8C8CE8AA-01A7-4FC0-BEBC-7F59B2EE2FB4}.Debug|iPhone.Build.0 = Debug|Any CPU
		{8C8CE8AA-01A7-4FC0-BEBC-7F59B2EE2FB4}.Debug|iPhoneSimulator.ActiveCfg = Debug|Any CPU
		{8C8CE8AA-01A7-4FC0-BEBC-7F59B2EE2FB4}.Debug|iPhoneSimulator.Build.0 = Debug|Any CPU
		{8C8CE8AA-01A7-4FC0-BEBC-7F59B2EE2FB4}.Release|Any CPU.ActiveCfg = Release|Any CPU
		{8C8CE8AA-01A7-4FC0-BEBC-7F59B2EE2FB4}.Release|Any CPU.Build.0 = Release|Any CPU
		{8C8CE8AA-01A7-4FC0-BEBC-7F59B2EE2FB4}.Release|iPhone.ActiveCfg = Release|Any CPU
		{8C8CE8AA-01A7-4FC0-BEBC-7F59B2EE2FB4}.Release|iPhone.Build.0 = Release|Any CPU
		{8C8CE8AA-01A7-4FC0-BEBC-7F59B2EE2FB4}.Release|iPhoneSimulator.ActiveCfg = Release|Any CPU
		{8C8CE8AA-01A7-4FC0-BEBC-7F59B2EE2FB4}.Release|iPhoneSimulator.Build.0 = Release|Any CPU
		{650B0137-372B-4088-B33A-D8D0EE740919}.Ad-Hoc|Any CPU.ActiveCfg = Release|Any CPU
		{650B0137-372B-4088-B33A-D8D0EE740919}.Ad-Hoc|Any CPU.Build.0 = Release|Any CPU
		{650B0137-372B-4088-B33A-D8D0EE740919}.Ad-Hoc|iPhone.ActiveCfg = Debug|Any CPU
		{650B0137-372B-4088-B33A-D8D0EE740919}.Ad-Hoc|iPhone.Build.0 = Debug|Any CPU
		{650B0137-372B-4088-B33A-D8D0EE740919}.Ad-Hoc|iPhoneSimulator.ActiveCfg = Release|Any CPU
		{650B0137-372B-4088-B33A-D8D0EE740919}.Ad-Hoc|iPhoneSimulator.Build.0 = Release|Any CPU
		{650B0137-372B-4088-B33A-D8D0EE740919}.AppStore|Any CPU.ActiveCfg = Release|Any CPU
		{650B0137-372B-4088-B33A-D8D0EE740919}.AppStore|Any CPU.Build.0 = Release|Any CPU
		{650B0137-372B-4088-B33A-D8D0EE740919}.AppStore|iPhone.ActiveCfg = Debug|Any CPU
		{650B0137-372B-4088-B33A-D8D0EE740919}.AppStore|iPhone.Build.0 = Debug|Any CPU
		{650B0137-372B-4088-B33A-D8D0EE740919}.AppStore|iPhoneSimulator.ActiveCfg = Release|Any CPU
		{650B0137-372B-4088-B33A-D8D0EE740919}.AppStore|iPhoneSimulator.Build.0 = Release|Any CPU
		{650B0137-372B-4088-B33A-D8D0EE740919}.Debug|Any CPU.ActiveCfg = Debug|Any CPU
		{650B0137-372B-4088-B33A-D8D0EE740919}.Debug|Any CPU.Build.0 = Debug|Any CPU
		{650B0137-372B-4088-B33A-D8D0EE740919}.Debug|iPhone.ActiveCfg = Debug|Any CPU
		{650B0137-372B-4088-B33A-D8D0EE740919}.Debug|iPhone.Build.0 = Debug|Any CPU
		{650B0137-372B-4088-B33A-D8D0EE740919}.Debug|iPhoneSimulator.ActiveCfg = Debug|Any CPU
		{650B0137-372B-4088-B33A-D8D0EE740919}.Debug|iPhoneSimulator.Build.0 = Debug|Any CPU
		{650B0137-372B-4088-B33A-D8D0EE740919}.Release|Any CPU.ActiveCfg = Release|Any CPU
		{650B0137-372B-4088-B33A-D8D0EE740919}.Release|Any CPU.Build.0 = Release|Any CPU
		{650B0137-372B-4088-B33A-D8D0EE740919}.Release|iPhone.ActiveCfg = Release|Any CPU
		{650B0137-372B-4088-B33A-D8D0EE740919}.Release|iPhone.Build.0 = Release|Any CPU
		{650B0137-372B-4088-B33A-D8D0EE740919}.Release|iPhoneSimulator.ActiveCfg = Release|Any CPU
		{650B0137-372B-4088-B33A-D8D0EE740919}.Release|iPhoneSimulator.Build.0 = Release|Any CPU
		{7092A893-38EB-41F3-BD1B-DAD5CD154E8E}.Ad-Hoc|Any CPU.ActiveCfg = Release|Any CPU
		{7092A893-38EB-41F3-BD1B-DAD5CD154E8E}.Ad-Hoc|Any CPU.Build.0 = Release|Any CPU
		{7092A893-38EB-41F3-BD1B-DAD5CD154E8E}.Ad-Hoc|iPhone.ActiveCfg = Debug|Any CPU
		{7092A893-38EB-41F3-BD1B-DAD5CD154E8E}.Ad-Hoc|iPhone.Build.0 = Debug|Any CPU
		{7092A893-38EB-41F3-BD1B-DAD5CD154E8E}.Ad-Hoc|iPhoneSimulator.ActiveCfg = Release|Any CPU
		{7092A893-38EB-41F3-BD1B-DAD5CD154E8E}.Ad-Hoc|iPhoneSimulator.Build.0 = Release|Any CPU
		{7092A893-38EB-41F3-BD1B-DAD5CD154E8E}.AppStore|Any CPU.ActiveCfg = Release|Any CPU
		{7092A893-38EB-41F3-BD1B-DAD5CD154E8E}.AppStore|Any CPU.Build.0 = Release|Any CPU
		{7092A893-38EB-41F3-BD1B-DAD5CD154E8E}.AppStore|iPhone.ActiveCfg = Debug|Any CPU
		{7092A893-38EB-41F3-BD1B-DAD5CD154E8E}.AppStore|iPhone.Build.0 = Debug|Any CPU
		{7092A893-38EB-41F3-BD1B-DAD5CD154E8E}.AppStore|iPhoneSimulator.ActiveCfg = Release|Any CPU
		{7092A893-38EB-41F3-BD1B-DAD5CD154E8E}.AppStore|iPhoneSimulator.Build.0 = Release|Any CPU
		{7092A893-38EB-41F3-BD1B-DAD5CD154E8E}.Debug|Any CPU.ActiveCfg = Debug|Any CPU
		{7092A893-38EB-41F3-BD1B-DAD5CD154E8E}.Debug|Any CPU.Build.0 = Debug|Any CPU
		{7092A893-38EB-41F3-BD1B-DAD5CD154E8E}.Debug|iPhone.ActiveCfg = Debug|Any CPU
		{7092A893-38EB-41F3-BD1B-DAD5CD154E8E}.Debug|iPhone.Build.0 = Debug|Any CPU
		{7092A893-38EB-41F3-BD1B-DAD5CD154E8E}.Debug|iPhoneSimulator.ActiveCfg = Debug|Any CPU
		{7092A893-38EB-41F3-BD1B-DAD5CD154E8E}.Debug|iPhoneSimulator.Build.0 = Debug|Any CPU
		{7092A893-38EB-41F3-BD1B-DAD5CD154E8E}.Release|Any CPU.ActiveCfg = Release|Any CPU
		{7092A893-38EB-41F3-BD1B-DAD5CD154E8E}.Release|Any CPU.Build.0 = Release|Any CPU
		{7092A893-38EB-41F3-BD1B-DAD5CD154E8E}.Release|iPhone.ActiveCfg = Release|Any CPU
		{7092A893-38EB-41F3-BD1B-DAD5CD154E8E}.Release|iPhone.Build.0 = Release|Any CPU
		{7092A893-38EB-41F3-BD1B-DAD5CD154E8E}.Release|iPhoneSimulator.ActiveCfg = Release|Any CPU
		{7092A893-38EB-41F3-BD1B-DAD5CD154E8E}.Release|iPhoneSimulator.Build.0 = Release|Any CPU
	EndGlobalSection
	GlobalSection(SolutionProperties) = preSolution
		HideSolutionNode = FALSE
	EndGlobalSection
	GlobalSection(ExtensibilityGlobals) = postSolution
		SolutionGuid = {99F9451C-8989-4AE8-8640-1157DF92D088}
	EndGlobalSection
EndGlobal
